
Microsoft Visual Studio Solution File, Format Version 12.00
# Visual Studio Version 17
VisualStudioVersion = 17.0.31717.71
MinimumVisualStudioVersion = 10.0.40219.1
Project("{9A19103F-16F7-4668-BE54-9A1E7A4F7556}") = "Web", "Web.csproj", "{688C5962-00A5-4D8A-B51D-1CF14201C89E}"
EndProject
Global
	GlobalSection(SolutionConfigurationPlatforms) = preSolution
		Debug|Any CPU = Debug|Any CPU
		Release|Any CPU = Release|Any CPU
	EndGlobalSection
	GlobalSection(ProjectConfigurationPlatforms) = postSolution
		{688C5962-00A5-4D8A-B51D-1CF14201C89E}.Debug|Any CPU.ActiveCfg = Debug|Any CPU
		{688C5962-00A5-4D8A-B51D-1CF14201C89E}.Debug|Any CPU.Build.0 = Debug|Any CPU
		{688C5962-00A5-4D8A-B51D-1CF14201C89E}.Release|Any CPU.ActiveCfg = Release|Any CPU
		{688C5962-00A5-4D8A-B51D-1CF14201C89E}.Release|Any CPU.Build.0 = Release|Any CPU
	EndGlobalSection
	GlobalSection(SolutionProperties) = preSolution
		HideSolutionNode = FALSE
	EndGlobalSection
	GlobalSection(ExtensibilityGlobals) = postSolution
		SolutionGuid = {0075A484-FEB3-4C69-BDC7-BB1BCEFA2041}
	EndGlobalSection
EndGlobal